
Microsoft Visual Studio Solution File, Format Version 12.00
# Visual Studio 14
VisualStudioVersion = 14.0.25420.1
MinimumVisualStudioVersion = 10.0.40219.1
Project("{FAE04EC0-301F-11D3-BF4B-00C04F79EFBC}") = "MapApp.Droid", "MapApp\MapApp.Droid\MapApp.Droid.csproj", "{94AF96EB-957D-4108-91B9-E3CA0308D33E}"
EndProject
Project("{FAE04EC0-301F-11D3-BF4B-00C04F79EFBC}") = "MapApp.iOS", "MapApp\MapApp.iOS\MapApp.iOS.csproj", "{FA646728-925D-442E-B9E9-E453B7E2D051}"
EndProject
Project("{FAE04EC0-301F-11D3-BF4B-00C04F79EFBC}") = "MapApp.WinPhone", "MapApp\MapApp.WinPhone\MapApp.WinPhone.csproj", "{880FC188-E8C8-4B9C-B177-B90673B37B73}"
EndProject
Project("{FAE04EC0-301F-11D3-BF4B-00C04F79EFBC}") = "MapApp.UWP", "MapApp\MapApp.UWP\MapApp.UWP.csproj", "{46739770-5E38-49C2-BCD3-CCD71AB735DB}"
EndProject
Project("{FAE04EC0-301F-11D3-BF4B-00C04F79EFBC}") = "MapApp.Windows", "MapApp\MapApp.Windows\MapApp.Windows.csproj", "{6CBA89FB-FF55-436F-95AB-93A090C885C8}"
EndProject
Project("{FAE04EC0-301F-11D3-BF4B-00C04F79EFBC}") = "MapApp", "MapApp\MapApp\MapApp.csproj", "{2FD26761-887E-4B4B-A3F3-3E41E61B02F8}"
EndProject
Project("{FAE04EC0-301F-11D3-BF4B-00C04F79EFBC}") = "FileuploadServer", "FileuploadServer\FileuploadServer.csproj", "{4E208A15-C9E4-4570-8F03-313C344D5FBF}"
EndProject
Project("{2150E333-8FDC-42A3-9474-1A3956D46DE8}") = "Server", "Server", "{9AC9B308-8762-4D7B-91EF-458F34A2F4F6}"
EndProject
Global
	GlobalSection(SolutionConfigurationPlatforms) = preSolution
		Ad-Hoc|Any CPU = Ad-Hoc|Any CPU
		Ad-Hoc|ARM = Ad-Hoc|ARM
		Ad-Hoc|iPhone = Ad-Hoc|iPhone
		Ad-Hoc|iPhoneSimulator = Ad-Hoc|iPhoneSimulator
		Ad-Hoc|x64 = Ad-Hoc|x64
		Ad-Hoc|x86 = Ad-Hoc|x86
		AppStore|Any CPU = AppStore|Any CPU
		AppStore|ARM = AppStore|ARM
		AppStore|iPhone = AppStore|iPhone
		AppStore|iPhoneSimulator = AppStore|iPhoneSimulator
		AppStore|x64 = AppStore|x64
		AppStore|x86 = AppStore|x86
		Debug|Any CPU = Debug|Any CPU
		Debug|ARM = Debug|ARM
		Debug|iPhone = Debug|iPhone
		Debug|iPhoneSimulator = Debug|iPhoneSimulator
		Debug|x64 = Debug|x64
		Debug|x86 = Debug|x86
		Release|Any CPU = Release|Any CPU
		Release|ARM = Release|ARM
		Release|iPhone = Release|iPhone
		Release|iPhoneSimulator = Release|iPhoneSimulator
		Release|x64 = Release|x64
		Release|x86 = Release|x86
	EndGlobalSection
	GlobalSection(ProjectConfigurationPlatforms) = postSolution
		{94AF96EB-957D-4108-91B9-E3CA0308D33E}.Ad-Hoc|Any CPU.ActiveCfg = Release|Any CPU
		{94AF96EB-957D-4108-91B9-E3CA0308D33E}.Ad-Hoc|Any CPU.Build.0 = Release|Any CPU
		{94AF96EB-957D-4108-91B9-E3CA0308D33E}.Ad-Hoc|Any CPU.Deploy.0 = Release|Any CPU
		{94AF96EB-957D-4108-91B9-E3CA0308D33E}.Ad-Hoc|ARM.ActiveCfg = Release|Any CPU
		{94AF96EB-957D-4108-91B9-E3CA0308D33E}.Ad-Hoc|ARM.Build.0 = Release|Any CPU
		{94AF96EB-957D-4108-91B9-E3CA0308D33E}.Ad-Hoc|ARM.Deploy.0 = Release|Any CPU
		{94AF96EB-957D-4108-91B9-E3CA0308D33E}.Ad-Hoc|iPhone.ActiveCfg = Release|Any CPU
		{94AF96EB-957D-4108-91B9-E3CA0308D33E}.Ad-Hoc|iPhone.Build.0 = Release|Any CPU
		{94AF96EB-957D-4108-91B9-E3CA0308D33E}.Ad-Hoc|iPhone.Deploy.0 = Release|Any CPU
		{94AF96EB-957D-4108-91B9-E3CA0308D33E}.Ad-Hoc|iPhoneSimulator.ActiveCfg = Release|Any CPU
		{94AF96EB-957D-4108-91B9-E3CA0308D33E}.Ad-Hoc|iPhoneSimulator.Build.0 = Release|Any CPU
		{94AF96EB-957D-4108-91B9-E3CA0308D33E}.Ad-Hoc|iPhoneSimulator.Deploy.0 = Release|Any CPU
		{94AF96EB-957D-4108-91B9-E3CA0308D33E}.Ad-Hoc|x64.ActiveCfg = Release|Any CPU
		{94AF96EB-957D-4108-91B9-E3CA0308D33E}.Ad-Hoc|x64.Build.0 = Release|Any CPU
		{94AF96EB-957D-4108-91B9-E3CA0308D33E}.Ad-Hoc|x64.Deploy.0 = Release|Any CPU
		{94AF96EB-957D-4108-91B9-E3CA0308D33E}.Ad-Hoc|x86.ActiveCfg = Release|Any CPU
		{94AF96EB-957D-4108-91B9-E3CA0308D33E}.Ad-Hoc|x86.Build.0 = Release|Any CPU
		{94AF96EB-957D-4108-91B9-E3CA0308D33E}.Ad-Hoc|x86.Deploy.0 = Release|Any CPU
		{94AF96EB-957D-4108-91B9-E3CA0308D33E}.AppStore|Any CPU.ActiveCfg = Release|Any CPU
		{94AF96EB-957D-4108-91B9-E3CA0308D33E}.AppStore|Any CPU.Build.0 = Release|Any CPU
		{94AF96EB-957D-4108-91B9-E3CA0308D33E}.AppStore|Any CPU.Deploy.0 = Release|Any CPU
		{94AF96EB-957D-4108-91B9-E3CA0308D33E}.AppStore|ARM.ActiveCfg = Release|Any CPU
		{94AF96EB-957D-4108-91B9-E3CA0308D33E}.AppStore|ARM.Build.0 = Release|Any CPU
		{94AF96EB-957D-4108-91B9-E3CA0308D33E}.AppStore|ARM.Deploy.0 = Release|Any CPU
		{94AF96EB-957D-4108-91B9-E3CA0308D33E}.AppStore|iPhone.ActiveCfg = Release|Any CPU
		{94AF96EB-957D-4108-91B9-E3CA0308D33E}.AppStore|iPhone.Build.0 = Release|Any CPU
		{94AF96EB-957D-4108-91B9-E3CA0308D33E}.AppStore|iPhone.Deploy.0 = Release|Any CPU
		{94AF96EB-957D-4108-91B9-E3CA0308D33E}.AppStore|iPhoneSimulator.ActiveCfg = Release|Any CPU
		{94AF96EB-957D-4108-91B9-E3CA0308D33E}.AppStore|iPhoneSimulator.Build.0 = Release|Any CPU
		{94AF96EB-957D-4108-91B9-E3CA0308D33E}.AppStore|iPhoneSimulator.Deploy.0 = Release|Any CPU
		{94AF96EB-957D-4108-91B9-E3CA0308D33E}.AppStore|x64.ActiveCfg = Release|Any CPU
		{94AF96EB-957D-4108-91B9-E3CA0308D33E}.AppStore|x64.Build.0 = Release|Any CPU
		{94AF96EB-957D-4108-91B9-E3CA0308D33E}.AppStore|x64.Deploy.0 = Release|Any CPU
		{94AF96EB-957D-4108-91B9-E3CA0308D33E}.AppStore|x86.ActiveCfg = Release|Any CPU
		{94AF96EB-957D-4108-91B9-E3CA0308D33E}.AppStore|x86.Build.0 = Release|Any CPU
		{94AF96EB-957D-4108-91B9-E3CA0308D33E}.AppStore|x86.Deploy.0 = Release|Any CPU
		{94AF96EB-957D-4108-91B9-E3CA0308D33E}.Debug|Any CPU.ActiveCfg = Debug|Any CPU
		{94AF96EB-957D-4108-91B9-E3CA0308D33E}.Debug|Any CPU.Build.0 = Debug|Any CPU
		{94AF96EB-957D-4108-91B9-E3CA0308D33E}.Debug|Any CPU.Deploy.0 = Debug|Any CPU
		{94AF96EB-957D-4108-91B9-E3CA0308D33E}.Debug|ARM.ActiveCfg = Debug|Any CPU
		{94AF96EB-957D-4108-91B9-E3CA0308D33E}.Debug|ARM.Build.0 = Debug|Any CPU
		{94AF96EB-957D-4108-91B9-E3CA0308D33E}.Debug|ARM.Deploy.0 = Debug|Any CPU
		{94AF96EB-957D-4108-91B9-E3CA0308D33E}.Debug|iPhone.ActiveCfg = Debug|Any CPU
		{94AF96EB-957D-4108-91B9-E3CA0308D33E}.Debug|iPhone.Build.0 = Debug|Any CPU
		{94AF96EB-957D-4108-91B9-E3CA0308D33E}.Debug|iPhone.Deploy.0 = Debug|Any CPU
		{94AF96EB-957D-4108-91B9-E3CA0308D33E}.Debug|iPhoneSimulator.ActiveCfg = Debug|Any CPU
		{94AF96EB-957D-4108-91B9-E3CA0308D33E}.Debug|iPhoneSimulator.Build.0 = Debug|Any CPU
		{94AF96EB-957D-4108-91B9-E3CA0308D33E}.Debug|iPhoneSimulator.Deploy.0 = Debug|Any CPU
		{94AF96EB-957D-4108-91B9-E3CA0308D33E}.Debug|x64.ActiveCfg = Debug|Any CPU
		{94AF96EB-957D-4108-91B9-E3CA0308D33E}.Debug|x64.Build.0 = Debug|Any CPU
		{94AF96EB-957D-4108-91B9-E3CA0308D33E}.Debug|x64.Deploy.0 = Debug|Any CPU
		{94AF96EB-957D-4108-91B9-E3CA0308D33E}.Debug|x86.ActiveCfg = Debug|Any CPU
		{94AF96EB-957D-4108-91B9-E3CA0308D33E}.Debug|x86.Build.0 = Debug|Any CPU
		{94AF96EB-957D-4108-91B9-E3CA0308D33E}.Debug|x86.Deploy.0 = Debug|Any CPU
		{94AF96EB-957D-4108-91B9-E3CA0308D33E}.Release|Any CPU.ActiveCfg = Release|Any CPU
		{94AF96EB-957D-4108-91B9-E3CA0308D33E}.Release|Any CPU.Build.0 = Release|Any CPU
		{94AF96EB-957D-4108-91B9-E3CA0308D33E}.Release|Any CPU.Deploy.0 = Release|Any CPU
		{94AF96EB-957D-4108-91B9-E3CA0308D33E}.Release|ARM.ActiveCfg = Release|Any CPU
		{94AF96EB-957D-4108-91B9-E3CA0308D33E}.Release|ARM.Build.0 = Release|Any CPU
		{94AF96EB-957D-4108-91B9-E3CA0308D33E}.Release|ARM.Deploy.0 = Release|Any CPU
		{94AF96EB-957D-4108-91B9-E3CA0308D33E}.Release|iPhone.ActiveCfg = Release|Any CPU
		{94AF96EB-957D-4108-91B9-E3CA0308D33E}.Release|iPhone.Build.0 = Release|Any CPU
		{94AF96EB-957D-4108-91B9-E3CA0308D33E}.Release|iPhone.Deploy.0 = Release|Any CPU
		{94AF96EB-957D-4108-91B9-E3CA0308D33E}.Release|iPhoneSimulator.ActiveCfg = Release|Any CPU
		{94AF96EB-957D-4108-91B9-E3CA0308D33E}.Release|iPhoneSimulator.Build.0 = Release|Any CPU
		{94AF96EB-957D-4108-91B9-E3CA0308D33E}.Release|iPhoneSimulator.Deploy.0 = Release|Any CPU
		{94AF96EB-957D-4108-91B9-E3CA0308D33E}.Release|x64.ActiveCfg = Release|Any CPU
		{94AF96EB-957D-4108-91B9-E3CA0308D33E}.Release|x64.Build.0 = Release|Any CPU
		{94AF96EB-957D-4108-91B9-E3CA0308D33E}.Release|x64.Deploy.0 = Release|Any CPU
		{94AF96EB-957D-4108-91B9-E3CA0308D33E}.Release|x86.ActiveCfg = Release|Any CPU
		{94AF96EB-957D-4108-91B9-E3CA0308D33E}.Release|x86.Build.0 = Release|Any CPU
		{94AF96EB-957D-4108-91B9-E3CA0308D33E}.Release|x86.Deploy.0 = Release|Any CPU
		{FA646728-925D-442E-B9E9-E453B7E2D051}.Ad-Hoc|Any CPU.ActiveCfg = Ad-Hoc|iPhone
		{FA646728-925D-442E-B9E9-E453B7E2D051}.Ad-Hoc|ARM.ActiveCfg = Ad-Hoc|iPhone
		{FA646728-925D-442E-B9E9-E453B7E2D051}.Ad-Hoc|iPhone.ActiveCfg = Ad-Hoc|iPhone
		{FA646728-925D-442E-B9E9-E453B7E2D051}.Ad-Hoc|iPhone.Build.0 = Ad-Hoc|iPhone
		{FA646728-925D-442E-B9E9-E453B7E2D051}.Ad-Hoc|iPhoneSimulator.ActiveCfg = Ad-Hoc|iPhoneSimulator
		{FA646728-925D-442E-B9E9-E453B7E2D051}.Ad-Hoc|iPhoneSimulator.Build.0 = Ad-Hoc|iPhoneSimulator
		{FA646728-925D-442E-B9E9-E453B7E2D051}.Ad-Hoc|x64.ActiveCfg = Ad-Hoc|iPhone
		{FA646728-925D-442E-B9E9-E453B7E2D051}.Ad-Hoc|x86.ActiveCfg = Ad-Hoc|iPhone
		{FA646728-925D-442E-B9E9-E453B7E2D051}.AppStore|Any CPU.ActiveCfg = AppStore|iPhone
		{FA646728-925D-442E-B9E9-E453B7E2D051}.AppStore|ARM.ActiveCfg = AppStore|iPhone
		{FA646728-925D-442E-B9E9-E453B7E2D051}.AppStore|iPhone.ActiveCfg = AppStore|iPhone
		{FA646728-925D-442E-B9E9-E453B7E2D051}.AppStore|iPhone.Build.0 = AppStore|iPhone
		{FA646728-925D-442E-B9E9-E453B7E2D051}.AppStore|iPhoneSimulator.ActiveCfg = AppStore|iPhoneSimulator
		{FA646728-925D-442E-B9E9-E453B7E2D051}.AppStore|iPhoneSimulator.Build.0 = AppStore|iPhoneSimulator
		{FA646728-925D-442E-B9E9-E453B7E2D051}.AppStore|x64.ActiveCfg = AppStore|iPhone
		{FA646728-925D-442E-B9E9-E453B7E2D051}.AppStore|x86.ActiveCfg = AppStore|iPhone
		{FA646728-925D-442E-B9E9-E453B7E2D051}.Debug|Any CPU.ActiveCfg = Debug|iPhone
		{FA646728-925D-442E-B9E9-E453B7E2D051}.Debug|ARM.ActiveCfg = Debug|iPhone
		{FA646728-925D-442E-B9E9-E453B7E2D051}.Debug|iPhone.ActiveCfg = Debug|iPhone
		{FA646728-925D-442E-B9E9-E453B7E2D051}.Debug|iPhone.Build.0 = Debug|iPhone
		{FA646728-925D-442E-B9E9-E453B7E2D051}.Debug|iPhoneSimulator.ActiveCfg = Debug|iPhoneSimulator
		{FA646728-925D-442E-B9E9-E453B7E2D051}.Debug|iPhoneSimulator.Build.0 = Debug|iPhoneSimulator
		{FA646728-925D-442E-B9E9-E453B7E2D051}.Debug|x64.ActiveCfg = Debug|iPhone
		{FA646728-925D-442E-B9E9-E453B7E2D051}.Debug|x86.ActiveCfg = Debug|iPhone
		{FA646728-925D-442E-B9E9-E453B7E2D051}.Release|Any CPU.ActiveCfg = Release|iPhone
		{FA646728-925D-442E-B9E9-E453B7E2D051}.Release|ARM.ActiveCfg = Release|iPhone
		{FA646728-925D-442E-B9E9-E453B7E2D051}.Release|iPhone.ActiveCfg = Release|iPhone
		{FA646728-925D-442E-B9E9-E453B7E2D051}.Release|iPhone.Build.0 = Release|iPhone
		{FA646728-925D-442E-B9E9-E453B7E2D051}.Release|iPhoneSimulator.ActiveCfg = Release|iPhoneSimulator
		{FA646728-925D-442E-B9E9-E453B7E2D051}.Release|iPhoneSimulator.Build.0 = Release|iPhoneSimulator
		{FA646728-925D-442E-B9E9-E453B7E2D051}.Release|x64.ActiveCfg = Release|iPhone
		{FA646728-925D-442E-B9E9-E453B7E2D051}.Release|x86.ActiveCfg = Release|iPhone
		{880FC188-E8C8-4B9C-B177-B90673B37B73}.Ad-Hoc|Any CPU.ActiveCfg = Release|Any CPU
		{880FC188-E8C8-4B9C-B177-B90673B37B73}.Ad-Hoc|Any CPU.Build.0 = Release|Any CPU
		{880FC188-E8C8-4B9C-B177-B90673B37B73}.Ad-Hoc|Any CPU.Deploy.0 = Release|Any CPU
		{880FC188-E8C8-4B9C-B177-B90673B37B73}.Ad-Hoc|ARM.ActiveCfg = Release|ARM
		{880FC188-E8C8-4B9C-B177-B90673B37B73}.Ad-Hoc|ARM.Build.0 = Release|ARM
		{880FC188-E8C8-4B9C-B177-B90673B37B73}.Ad-Hoc|ARM.Deploy.0 = Release|ARM
		{880FC188-E8C8-4B9C-B177-B90673B37B73}.Ad-Hoc|iPhone.ActiveCfg = Release|Any CPU
		{880FC188-E8C8-4B9C-B177-B90673B37B73}.Ad-Hoc|iPhone.Build.0 = Release|Any CPU
		{880FC188-E8C8-4B9C-B177-B90673B37B73}.Ad-Hoc|iPhone.Deploy.0 = Release|Any CPU
		{880FC188-E8C8-4B9C-B177-B90673B37B73}.Ad-Hoc|iPhoneSimulator.ActiveCfg = Release|Any CPU
		{880FC188-E8C8-4B9C-B177-B90673B37B73}.Ad-Hoc|iPhoneSimulator.Build.0 = Release|Any CPU
		{880FC188-E8C8-4B9C-B177-B90673B37B73}.Ad-Hoc|iPhoneSimulator.Deploy.0 = Release|Any CPU
		{880FC188-E8C8-4B9C-B177-B90673B37B73}.Ad-Hoc|x64.ActiveCfg = Release|Any CPU
		{880FC188-E8C8-4B9C-B177-B90673B37B73}.Ad-Hoc|x64.Build.0 = Release|Any CPU
		{880FC188-E8C8-4B9C-B177-B90673B37B73}.Ad-Hoc|x64.Deploy.0 = Release|Any CPU
		{880FC188-E8C8-4B9C-B177-B90673B37B73}.Ad-Hoc|x86.ActiveCfg = Release|x86
		{880FC188-E8C8-4B9C-B177-B90673B37B73}.Ad-Hoc|x86.Build.0 = Release|x86
		{880FC188-E8C8-4B9C-B177-B90673B37B73}.Ad-Hoc|x86.Deploy.0 = Release|x86
		{880FC188-E8C8-4B9C-B177-B90673B37B73}.AppStore|Any CPU.ActiveCfg = Release|Any CPU
		{880FC188-E8C8-4B9C-B177-B90673B37B73}.AppStore|Any CPU.Build.0 = Release|Any CPU
		{880FC188-E8C8-4B9C-B177-B90673B37B73}.AppStore|Any CPU.Deploy.0 = Release|Any CPU
		{880FC188-E8C8-4B9C-B177-B90673B37B73}.AppStore|ARM.ActiveCfg = Release|ARM
		{880FC188-E8C8-4B9C-B177-B90673B37B73}.AppStore|ARM.Build.0 = Release|ARM
		{880FC188-E8C8-4B9C-B177-B90673B37B73}.AppStore|ARM.Deploy.0 = Release|ARM
		{880FC188-E8C8-4B9C-B177-B90673B37B73}.AppStore|iPhone.ActiveCfg = Release|Any CPU
		{880FC188-E8C8-4B9C-B177-B90673B37B73}.AppStore|iPhone.Build.0 = Release|Any CPU
		{880FC188-E8C8-4B9C-B177-B90673B37B73}.AppStore|iPhone.Deploy.0 = Release|Any CPU
		{880FC188-E8C8-4B9C-B177-B90673B37B73}.AppStore|iPhoneSimulator.ActiveCfg = Release|Any CPU
		{880FC188-E8C8-4B9C-B177-B90673B37B73}.AppStore|iPhoneSimulator.Build.0 = Release|Any CPU
		{880FC188-E8C8-4B9C-B177-B90673B37B73}.AppStore|iPhoneSimulator.Deploy.0 = Release|Any CPU
		{880FC188-E8C8-4B9C-B177-B90673B37B73}.AppStore|x64.ActiveCfg = Release|Any CPU
		{880FC188-E8C8-4B9C-B177-B90673B37B73}.AppStore|x64.Build.0 = Release|Any CPU
		{880FC188-E8C8-4B9C-B177-B90673B37B73}.AppStore|x64.Deploy.0 = Release|Any CPU
		{880FC188-E8C8-4B9C-B177-B90673B37B73}.AppStore|x86.ActiveCfg = Release|x86
		{880FC188-E8C8-4B9C-B177-B90673B37B73}.AppStore|x86.Build.0 = Release|x86
		{880FC188-E8C8-4B9C-B177-B90673B37B73}.AppStore|x86.Deploy.0 = Release|x86
		{880FC188-E8C8-4B9C-B177-B90673B37B73}.Debug|Any CPU.ActiveCfg = Debug|Any CPU
		{880FC188-E8C8-4B9C-B177-B90673B37B73}.Debug|Any CPU.Build.0 = Debug|Any CPU
		{880FC188-E8C8-4B9C-B177-B90673B37B73}.Debug|Any CPU.Deploy.0 = Debug|Any CPU
		{880FC188-E8C8-4B9C-B177-B90673B37B73}.Debug|ARM.ActiveCfg = Debug|ARM
		{880FC188-E8C8-4B9C-B177-B90673B37B73}.Debug|ARM.Build.0 = Debug|ARM
		{880FC188-E8C8-4B9C-B177-B90673B37B73}.Debug|ARM.Deploy.0 = Debug|ARM
		{880FC188-E8C8-4B9C-B177-B90673B37B73}.Debug|iPhone.ActiveCfg = Debug|Any CPU
		{880FC188-E8C8-4B9C-B177-B90673B37B73}.Debug|iPhone.Build.0 = Debug|Any CPU
		{880FC188-E8C8-4B9C-B177-B90673B37B73}.Debug|iPhone.Deploy.0 = Debug|Any CPU
		{880FC188-E8C8-4B9C-B177-B90673B37B73}.Debug|iPhoneSimulator.ActiveCfg = Debug|Any CPU
		{880FC188-E8C8-4B9C-B177-B90673B37B73}.Debug|iPhoneSimulator.Build.0 = Debug|Any CPU
		{880FC188-E8C8-4B9C-B177-B90673B37B73}.Debug|iPhoneSimulator.Deploy.0 = Debug|Any CPU
		{880FC188-E8C8-4B9C-B177-B90673B37B73}.Debug|x64.ActiveCfg = Debug|Any CPU
		{880FC188-E8C8-4B9C-B177-B90673B37B73}.Debug|x64.Build.0 = Debug|Any CPU
		{880FC188-E8C8-4B9C-B177-B90673B37B73}.Debug|x64.Deploy.0 = Debug|Any CPU
		{880FC188-E8C8-4B9C-B177-B90673B37B73}.Debug|x86.ActiveCfg = Debug|x86
		{880FC188-E8C8-4B9C-B177-B90673B37B73}.Debug|x86.Build.0 = Debug|x86
		{880FC188-E8C8-4B9C-B177-B90673B37B73}.Debug|x86.Deploy.0 = Debug|x86
		{880FC188-E8C8-4B9C-B177-B90673B37B73}.Release|Any CPU.ActiveCfg = Release|Any CPU
		{880FC188-E8C8-4B9C-B177-B90673B37B73}.Release|Any CPU.Build.0 = Release|Any CPU
		{880FC188-E8C8-4B9C-B177-B90673B37B73}.Release|Any CPU.Deploy.0 = Release|Any CPU
		{880FC188-E8C8-4B9C-B177-B90673B37B73}.Release|ARM.ActiveCfg = Release|ARM
		{880FC188-E8C8-4B9C-B177-B90673B37B73}.Release|ARM.Build.0 = Release|ARM
		{880FC188-E8C8-4B9C-B177-B90673B37B73}.Release|ARM.Deploy.0 = Release|ARM
		{880FC188-E8C8-4B9C-B177-B90673B37B73}.Release|iPhone.ActiveCfg = Release|Any CPU
		{880FC188-E8C8-4B9C-B177-B90673B37B73}.Release|iPhone.Build.0 = Release|Any CPU
		{880FC188-E8C8-4B9C-B177-B90673B37B73}.Release|iPhone.Deploy.0 = Release|Any CPU
		{880FC188-E8C8-4B9C-B177-B90673B37B73}.Release|iPhoneSimulator.ActiveCfg = Release|Any CPU
		{880FC188-E8C8-4B9C-B177-B90673B37B73}.Release|iPhoneSimulator.Build.0 = Release|Any CPU
		{880FC188-E8C8-4B9C-B177-B90673B37B73}.Release|iPhoneSimulator.Deploy.0 = Release|Any CPU
		{880FC188-E8C8-4B9C-B177-B90673B37B73}.Release|x64.ActiveCfg = Release|Any CPU
		{880FC188-E8C8-4B9C-B177-B90673B37B73}.Release|x64.Build.0 = Release|Any CPU
		{880FC188-E8C8-4B9C-B177-B90673B37B73}.Release|x64.Deploy.0 = Release|Any CPU
		{880FC188-E8C8-4B9C-B177-B90673B37B73}.Release|x86.ActiveCfg = Release|x86
		{880FC188-E8C8-4B9C-B177-B90673B37B73}.Release|x86.Build.0 = Release|x86
		{880FC188-E8C8-4B9C-B177-B90673B37B73}.Release|x86.Deploy.0 = Release|x86
		{46739770-5E38-49C2-BCD3-CCD71AB735DB}.Ad-Hoc|Any CPU.ActiveCfg = Release|x86
		{46739770-5E38-49C2-BCD3-CCD71AB735DB}.Ad-Hoc|Any CPU.Build.0 = Release|x86
		{46739770-5E38-49C2-BCD3-CCD71AB735DB}.Ad-Hoc|Any CPU.Deploy.0 = Release|x86
		{46739770-5E38-49C2-BCD3-CCD71AB735DB}.Ad-Hoc|ARM.ActiveCfg = Release|ARM
		{46739770-5E38-49C2-BCD3-CCD71AB735DB}.Ad-Hoc|ARM.Build.0 = Release|ARM
		{46739770-5E38-49C2-BCD3-CCD71AB735DB}.Ad-Hoc|ARM.Deploy.0 = Release|ARM
		{46739770-5E38-49C2-BCD3-CCD71AB735DB}.Ad-Hoc|iPhone.ActiveCfg = Release|x86
		{46739770-5E38-49C2-BCD3-CCD71AB735DB}.Ad-Hoc|iPhone.Build.0 = Release|x86
		{46739770-5E38-49C2-BCD3-CCD71AB735DB}.Ad-Hoc|iPhone.Deploy.0 = Release|x86
		{46739770-5E38-49C2-BCD3-CCD71AB735DB}.Ad-Hoc|iPhoneSimulator.ActiveCfg = Release|x86
		{46739770-5E38-49C2-BCD3-CCD71AB735DB}.Ad-Hoc|iPhoneSimulator.Build.0 = Release|x86
		{46739770-5E38-49C2-BCD3-CCD71AB735DB}.Ad-Hoc|iPhoneSimulator.Deploy.0 = Release|x86
		{46739770-5E38-49C2-BCD3-CCD71AB735DB}.Ad-Hoc|x64.ActiveCfg = Release|x64
		{46739770-5E38-49C2-BCD3-CCD71AB735DB}.Ad-Hoc|x64.Build.0 = Release|x64
		{46739770-5E38-49C2-BCD3-CCD71AB735DB}.Ad-Hoc|x64.Deploy.0 = Release|x64
		{46739770-5E38-49C2-BCD3-CCD71AB735DB}.Ad-Hoc|x86.ActiveCfg = Release|x86
		{46739770-5E38-49C2-BCD3-CCD71AB735DB}.Ad-Hoc|x86.Build.0 = Release|x86
		{46739770-5E38-49C2-BCD3-CCD71AB735DB}.Ad-Hoc|x86.Deploy.0 = Release|x86
		{46739770-5E38-49C2-BCD3-CCD71AB735DB}.AppStore|Any CPU.ActiveCfg = Release|x86
		{46739770-5E38-49C2-BCD3-CCD71AB735DB}.AppStore|Any CPU.Build.0 = Release|x86
		{46739770-5E38-49C2-BCD3-CCD71AB735DB}.AppStore|Any CPU.Deploy.0 = Release|x86
		{46739770-5E38-49C2-BCD3-CCD71AB735DB}.AppStore|ARM.ActiveCfg = Release|ARM
		{46739770-5E38-49C2-BCD3-CCD71AB735DB}.AppStore|ARM.Build.0 = Release|ARM
		{46739770-5E38-49C2-BCD3-CCD71AB735DB}.AppStore|ARM.Deploy.0 = Release|ARM
		{46739770-5E38-49C2-BCD3-CCD71AB735DB}.AppStore|iPhone.ActiveCfg = Release|x86
		{46739770-5E38-49C2-BCD3-CCD71AB735DB}.AppStore|iPhone.Build.0 = Release|x86
		{46739770-5E38-49C2-BCD3-CCD71AB735DB}.AppStore|iPhone.Deploy.0 = Release|x86
		{46739770-5E38-49C2-BCD3-CCD71AB735DB}.AppStore|iPhoneSimulator.ActiveCfg = Release|x86
		{46739770-5E38-49C2-BCD3-CCD71AB735DB}.AppStore|iPhoneSimulator.Build.0 = Release|x86
		{46739770-5E38-49C2-BCD3-CCD71AB735DB}.AppStore|iPhoneSimulator.Deploy.0 = Release|x86
		{46739770-5E38-49C2-BCD3-CCD71AB735DB}.AppStore|x64.ActiveCfg = Release|x64
		{46739770-5E38-49C2-BCD3-CCD71AB735DB}.AppStore|x64.Build.0 = Release|x64
		{46739770-5E38-49C2-BCD3-CCD71AB735DB}.AppStore|x64.Deploy.0 = Release|x64
		{46739770-5E38-49C2-BCD3-CCD71AB735DB}.AppStore|x86.ActiveCfg = Release|x86
		{46739770-5E38-49C2-BCD3-CCD71AB735DB}.AppStore|x86.Build.0 = Release|x86
		{46739770-5E38-49C2-BCD3-CCD71AB735DB}.AppStore|x86.Deploy.0 = Release|x86
		{46739770-5E38-49C2-BCD3-CCD71AB735DB}.Debug|Any CPU.ActiveCfg = Debug|x86
		{46739770-5E38-49C2-BCD3-CCD71AB735DB}.Debug|ARM.ActiveCfg = Debug|ARM
		{46739770-5E38-49C2-BCD3-CCD71AB735DB}.Debug|ARM.Build.0 = Debug|ARM
		{46739770-5E38-49C2-BCD3-CCD71AB735DB}.Debug|ARM.Deploy.0 = Debug|ARM
		{46739770-5E38-49C2-BCD3-CCD71AB735DB}.Debug|iPhone.ActiveCfg = Debug|x86
		{46739770-5E38-49C2-BCD3-CCD71AB735DB}.Debug|iPhoneSimulator.ActiveCfg = Debug|x86
		{46739770-5E38-49C2-BCD3-CCD71AB735DB}.Debug|x64.ActiveCfg = Debug|x64
		{46739770-5E38-49C2-BCD3-CCD71AB735DB}.Debug|x64.Build.0 = Debug|x64
		{46739770-5E38-49C2-BCD3-CCD71AB735DB}.Debug|x64.Deploy.0 = Debug|x64
		{46739770-5E38-49C2-BCD3-CCD71AB735DB}.Debug|x86.ActiveCfg = Debug|x86
		{46739770-5E38-49C2-BCD3-CCD71AB735DB}.Debug|x86.Build.0 = Debug|x86
		{46739770-5E38-49C2-BCD3-CCD71AB735DB}.Debug|x86.Deploy.0 = Debug|x86
		{46739770-5E38-49C2-BCD3-CCD71AB735DB}.Release|Any CPU.ActiveCfg = Release|x86
		{46739770-5E38-49C2-BCD3-CCD71AB735DB}.Release|ARM.ActiveCfg = Release|ARM
		{46739770-5E38-49C2-BCD3-CCD71AB735DB}.Release|ARM.Build.0 = Release|ARM
		{46739770-5E38-49C2-BCD3-CCD71AB735DB}.Release|ARM.Deploy.0 = Release|ARM
		{46739770-5E38-49C2-BCD3-CCD71AB735DB}.Release|iPhone.ActiveCfg = Release|x86
		{46739770-5E38-49C2-BCD3-CCD71AB735DB}.Release|iPhoneSimulator.ActiveCfg = Release|x86
		{46739770-5E38-49C2-BCD3-CCD71AB735DB}.Release|x64.ActiveCfg = Release|x64
		{46739770-5E38-49C2-BCD3-CCD71AB735DB}.Release|x64.Build.0 = Release|x64
		{46739770-5E38-49C2-BCD3-CCD71AB735DB}.Release|x64.Deploy.0 = Release|x64
		{46739770-5E38-49C2-BCD3-CCD71AB735DB}.Release|x86.ActiveCfg = Release|x86
		{46739770-5E38-49C2-BCD3-CCD71AB735DB}.Release|x86.Build.0 = Release|x86
		{46739770-5E38-49C2-BCD3-CCD71AB735DB}.Release|x86.Deploy.0 = Release|x86
		{6CBA89FB-FF55-436F-95AB-93A090C885C8}.Ad-Hoc|Any CPU.ActiveCfg = Release|Any CPU
		{6CBA89FB-FF55-436F-95AB-93A090C885C8}.Ad-Hoc|Any CPU.Build.0 = Release|Any CPU
		{6CBA89FB-FF55-436F-95AB-93A090C885C8}.Ad-Hoc|Any CPU.Deploy.0 = Release|Any CPU
		{6CBA89FB-FF55-436F-95AB-93A090C885C8}.Ad-Hoc|ARM.ActiveCfg = Release|ARM
		{6CBA89FB-FF55-436F-95AB-93A090C885C8}.Ad-Hoc|ARM.Build.0 = Release|ARM
		{6CBA89FB-FF55-436F-95AB-93A090C885C8}.Ad-Hoc|ARM.Deploy.0 = Release|ARM
		{6CBA89FB-FF55-436F-95AB-93A090C885C8}.Ad-Hoc|iPhone.ActiveCfg = Release|Any CPU
		{6CBA89FB-FF55-436F-95AB-93A090C885C8}.Ad-Hoc|iPhone.Build.0 = Release|Any CPU
		{6CBA89FB-FF55-436F-95AB-93A090C885C8}.Ad-Hoc|iPhone.Deploy.0 = Release|Any CPU
		{6CBA89FB-FF55-436F-95AB-93A090C885C8}.Ad-Hoc|iPhoneSimulator.ActiveCfg = Release|Any CPU
		{6CBA89FB-FF55-436F-95AB-93A090C885C8}.Ad-Hoc|iPhoneSimulator.Build.0 = Release|Any CPU
		{6CBA89FB-FF55-436F-95AB-93A090C885C8}.Ad-Hoc|iPhoneSimulator.Deploy.0 = Release|Any CPU
		{6CBA89FB-FF55-436F-95AB-93A090C885C8}.Ad-Hoc|x64.ActiveCfg = Release|x64
		{6CBA89FB-FF55-436F-95AB-93A090C885C8}.Ad-Hoc|x64.Build.0 = Release|x64
		{6CBA89FB-FF55-436F-95AB-93A090C885C8}.Ad-Hoc|x64.Deploy.0 = Release|x64
		{6CBA89FB-FF55-436F-95AB-93A090C885C8}.Ad-Hoc|x86.ActiveCfg = Release|x86
		{6CBA89FB-FF55-436F-95AB-93A090C885C8}.Ad-Hoc|x86.Build.0 = Release|x86
		{6CBA89FB-FF55-436F-95AB-93A090C885C8}.Ad-Hoc|x86.Deploy.0 = Release|x86
		{6CBA89FB-FF55-436F-95AB-93A090C885C8}.AppStore|Any CPU.ActiveCfg = Release|Any CPU
		{6CBA89FB-FF55-436F-95AB-93A090C885C8}.AppStore|Any CPU.Build.0 = Release|Any CPU
		{6CBA89FB-FF55-436F-95AB-93A090C885C8}.AppStore|Any CPU.Deploy.0 = Release|Any CPU
		{6CBA89FB-FF55-436F-95AB-93A090C885C8}.AppStore|ARM.ActiveCfg = Release|ARM
		{6CBA89FB-FF55-436F-95AB-93A090C885C8}.AppStore|ARM.Build.0 = Release|ARM
		{6CBA89FB-FF55-436F-95AB-93A090C885C8}.AppStore|ARM.Deploy.0 = Release|ARM
		{6CBA89FB-FF55-436F-95AB-93A090C885C8}.AppStore|iPhone.ActiveCfg = Release|Any CPU
		{6CBA89FB-FF55-436F-95AB-93A090C885C8}.AppStore|iPhone.Build.0 = Release|Any CPU
		{6CBA89FB-FF55-436F-95AB-93A090C885C8}.AppStore|iPhone.Deploy.0 = Release|Any CPU
		{6CBA89FB-FF55-436F-95AB-93A090C885C8}.AppStore|iPhoneSimulator.ActiveCfg = Release|Any CPU
		{6CBA89FB-FF55-436F-95AB-93A090C885C8}.AppStore|iPhoneSimulator.Build.0 = Release|Any CPU
		{6CBA89FB-FF55-436F-95AB-93A090C885C8}.AppStore|iPhoneSimulator.Deploy.0 = Release|Any CPU
		{6CBA89FB-FF55-436F-95AB-93A090C885C8}.AppStore|x64.ActiveCfg = Release|x64
		{6CBA89FB-FF55-436F-95AB-93A090C885C8}.AppStore|x64.Build.0 = Release|x64
		{6CBA89FB-FF55-436F-95AB-93A090C885C8}.AppStore|x64.Deploy.0 = Release|x64
		{6CBA89FB-FF55-436F-95AB-93A090C885C8}.AppStore|x86.ActiveCfg = Release|x86
		{6CBA89FB-FF55-436F-95AB-93A090C885C8}.AppStore|x86.Build.0 = Release|x86
		{6CBA89FB-FF55-436F-95AB-93A090C885C8}.AppStore|x86.Deploy.0 = Release|x86
		{6CBA89FB-FF55-436F-95AB-93A090C885C8}.Debug|Any CPU.ActiveCfg = Debug|Any CPU
		{6CBA89FB-FF55-436F-95AB-93A090C885C8}.Debug|Any CPU.Build.0 = Debug|Any CPU
		{6CBA89FB-FF55-436F-95AB-93A090C885C8}.Debug|Any CPU.Deploy.0 = Debug|Any CPU
		{6CBA89FB-FF55-436F-95AB-93A090C885C8}.Debug|ARM.ActiveCfg = Debug|ARM
		{6CBA89FB-FF55-436F-95AB-93A090C885C8}.Debug|ARM.Build.0 = Debug|ARM
		{6CBA89FB-FF55-436F-95AB-93A090C885C8}.Debug|ARM.Deploy.0 = Debug|ARM
		{6CBA89FB-FF55-436F-95AB-93A090C885C8}.Debug|iPhone.ActiveCfg = Debug|Any CPU
		{6CBA89FB-FF55-436F-95AB-93A090C885C8}.Debug|iPhone.Build.0 = Debug|Any CPU
		{6CBA89FB-FF55-436F-95AB-93A090C885C8}.Debug|iPhone.Deploy.0 = Debug|Any CPU
		{6CBA89FB-FF55-436F-95AB-93A090C885C8}.Debug|iPhoneSimulator.ActiveCfg = Debug|Any CPU
		{6CBA89FB-FF55-436F-95AB-93A090C885C8}.Debug|iPhoneSimulator.Build.0 = Debug|Any CPU
		{6CBA89FB-FF55-436F-95AB-93A090C885C8}.Debug|iPhoneSimulator.Deploy.0 = Debug|Any CPU
		{6CBA89FB-FF55-436F-95AB-93A090C885C8}.Debug|x64.ActiveCfg = Debug|x64
		{6CBA89FB-FF55-436F-95AB-93A090C885C8}.Debug|x64.Build.0 = Debug|x64
		{6CBA89FB-FF55-436F-95AB-93A090C885C8}.Debug|x64.Deploy.0 = Debug|x64
		{6CBA89FB-FF55-436F-95AB-93A090C885C8}.Debug|x86.ActiveCfg = Debug|x86
		{6CBA89FB-FF55-436F-95AB-93A090C885C8}.Debug|x86.Build.0 = Debug|x86
		{6CBA89FB-FF55-436F-95AB-93A090C885C8}.Debug|x86.Deploy.0 = Debug|x86
		{6CBA89FB-FF55-436F-95AB-93A090C885C8}.Release|Any CPU.ActiveCfg = Release|Any CPU
		{6CBA89FB-FF55-436F-95AB-93A090C885C8}.Release|Any CPU.Build.0 = Release|Any CPU
		{6CBA89FB-FF55-436F-95AB-93A090C885C8}.Release|Any CPU.Deploy.0 = Release|Any CPU
		{6CBA89FB-FF55-436F-95AB-93A090C885C8}.Release|ARM.ActiveCfg = Release|ARM
		{6CBA89FB-FF55-436F-95AB-93A090C885C8}.Release|ARM.Build.0 = Release|ARM
		{6CBA89FB-FF55-436F-95AB-93A090C885C8}.Release|ARM.Deploy.0 = Release|ARM
		{6CBA89FB-FF55-436F-95AB-93A090C885C8}.Release|iPhone.ActiveCfg = Release|Any CPU
		{6CBA89FB-FF55-436F-95AB-93A090C885C8}.Release|iPhone.Build.0 = Release|Any CPU
		{6CBA89FB-FF55-436F-95AB-93A090C885C8}.Release|iPhone.Deploy.0 = Release|Any CPU
		{6CBA89FB-FF55-436F-95AB-93A090C885C8}.Release|iPhoneSimulator.ActiveCfg = Release|Any CPU
		{6CBA89FB-FF55-436F-95AB-93A090C885C8}.Release|iPhoneSimulator.Build.0 = Release|Any CPU
		{6CBA89FB-FF55-436F-95AB-93A090C885C8}.Release|iPhoneSimulator.Deploy.0 = Release|Any CPU
		{6CBA89FB-FF55-436F-95AB-93A090C885C8}.Release|x64.ActiveCfg = Release|x64
		{6CBA89FB-FF55-436F-95AB-93A090C885C8}.Release|x64.Build.0 = Release|x64
		{6CBA89FB-FF55-436F-95AB-93A090C885C8}.Release|x64.Deploy.0 = Release|x64
		{6CBA89FB-FF55-436F-95AB-93A090C885C8}.Release|x86.ActiveCfg = Release|x86
		{6CBA89FB-FF55-436F-95AB-93A090C885C8}.Release|x86.Build.0 = Release|x86
		{6CBA89FB-FF55-436F-95AB-93A090C885C8}.Release|x86.Deploy.0 = Release|x86
		{2FD26761-887E-4B4B-A3F3-3E41E61B02F8}.Ad-Hoc|Any CPU.ActiveCfg = Release|Any CPU
		{2FD26761-887E-4B4B-A3F3-3E41E61B02F8}.Ad-Hoc|Any CPU.Build.0 = Release|Any CPU
		{2FD26761-887E-4B4B-A3F3-3E41E61B02F8}.Ad-Hoc|ARM.ActiveCfg = Release|Any CPU
		{2FD26761-887E-4B4B-A3F3-3E41E61B02F8}.Ad-Hoc|ARM.Build.0 = Release|Any CPU
		{2FD26761-887E-4B4B-A3F3-3E41E61B02F8}.Ad-Hoc|iPhone.ActiveCfg = Release|Any CPU
		{2FD26761-887E-4B4B-A3F3-3E41E61B02F8}.Ad-Hoc|iPhone.Build.0 = Release|Any CPU
		{2FD26761-887E-4B4B-A3F3-3E41E61B02F8}.Ad-Hoc|iPhoneSimulator.ActiveCfg = Release|Any CPU
		{2FD26761-887E-4B4B-A3F3-3E41E61B02F8}.Ad-Hoc|iPhoneSimulator.Build.0 = Release|Any CPU
		{2FD26761-887E-4B4B-A3F3-3E41E61B02F8}.Ad-Hoc|x64.ActiveCfg = Release|Any CPU
		{2FD26761-887E-4B4B-A3F3-3E41E61B02F8}.Ad-Hoc|x64.Build.0 = Release|Any CPU
		{2FD26761-887E-4B4B-A3F3-3E41E61B02F8}.Ad-Hoc|x86.ActiveCfg = Release|Any CPU
		{2FD26761-887E-4B4B-A3F3-3E41E61B02F8}.Ad-Hoc|x86.Build.0 = Release|Any CPU
		{2FD26761-887E-4B4B-A3F3-3E41E61B02F8}.AppStore|Any CPU.ActiveCfg = Release|Any CPU
		{2FD26761-887E-4B4B-A3F3-3E41E61B02F8}.AppStore|Any CPU.Build.0 = Release|Any CPU
		{2FD26761-887E-4B4B-A3F3-3E41E61B02F8}.AppStore|ARM.ActiveCfg = Release|Any CPU
		{2FD26761-887E-4B4B-A3F3-3E41E61B02F8}.AppStore|ARM.Build.0 = Release|Any CPU
		{2FD26761-887E-4B4B-A3F3-3E41E61B02F8}.AppStore|iPhone.ActiveCfg = Release|Any CPU
		{2FD26761-887E-4B4B-A3F3-3E41E61B02F8}.AppStore|iPhone.Build.0 = Release|Any CPU
		{2FD26761-887E-4B4B-A3F3-3E41E61B02F8}.AppStore|iPhoneSimulator.ActiveCfg = Release|Any CPU
		{2FD26761-887E-4B4B-A3F3-3E41E61B02F8}.AppStore|iPhoneSimulator.Build.0 = Release|Any CPU
		{2FD26761-887E-4B4B-A3F3-3E41E61B02F8}.AppStore|x64.ActiveCfg = Release|Any CPU
		{2FD26761-887E-4B4B-A3F3-3E41E61B02F8}.AppStore|x64.Build.0 = Release|Any CPU
		{2FD26761-887E-4B4B-A3F3-3E41E61B02F8}.AppStore|x86.ActiveCfg = Release|Any CPU
		{2FD26761-887E-4B4B-A3F3-3E41E61B02F8}.AppStore|x86.Build.0 = Release|Any CPU
		{2FD26761-887E-4B4B-A3F3-3E41E61B02F8}.Debug|Any CPU.ActiveCfg = Debug|Any CPU
		{2FD26761-887E-4B4B-A3F3-3E41E61B02F8}.Debug|Any CPU.Build.0 = Debug|Any CPU
		{2FD26761-887E-4B4B-A3F3-3E41E61B02F8}.Debug|ARM.ActiveCfg = Debug|Any CPU
		{2FD26761-887E-4B4B-A3F3-3E41E61B02F8}.Debug|ARM.Build.0 = Debug|Any CPU
		{2FD26761-887E-4B4B-A3F3-3E41E61B02F8}.Debug|iPhone.ActiveCfg = Debug|Any CPU
		{2FD26761-887E-4B4B-A3F3-3E41E61B02F8}.Debug|iPhone.Build.0 = Debug|Any CPU
		{2FD26761-887E-4B4B-A3F3-3E41E61B02F8}.Debug|iPhoneSimulator.ActiveCfg = Debug|Any CPU
		{2FD26761-887E-4B4B-A3F3-3E41E61B02F8}.Debug|iPhoneSimulator.Build.0 = Debug|Any CPU
		{2FD26761-887E-4B4B-A3F3-3E41E61B02F8}.Debug|x64.ActiveCfg = Debug|Any CPU
		{2FD26761-887E-4B4B-A3F3-3E41E61B02F8}.Debug|x64.Build.0 = Debug|Any CPU
		{2FD26761-887E-4B4B-A3F3-3E41E61B02F8}.Debug|x86.ActiveCfg = Debug|Any CPU
		{2FD26761-887E-4B4B-A3F3-3E41E61B02F8}.Debug|x86.Build.0 = Debug|Any CPU
		{2FD26761-887E-4B4B-A3F3-3E41E61B02F8}.Release|Any CPU.ActiveCfg = Release|Any CPU
		{2FD26761-887E-4B4B-A3F3-3E41E61B02F8}.Release|Any CPU.Build.0 = Release|Any CPU
		{2FD26761-887E-4B4B-A3F3-3E41E61B02F8}.Release|ARM.ActiveCfg = Release|Any CPU
		{2FD26761-887E-4B4B-A3F3-3E41E61B02F8}.Release|ARM.Build.0 = Release|Any CPU
		{2FD26761-887E-4B4B-A3F3-3E41E61B02F8}.Release|iPhone.ActiveCfg = Release|Any CPU
		{2FD26761-887E-4B4B-A3F3-3E41E61B02F8}.Release|iPhone.Build.0 = Release|Any CPU
		{2FD26761-887E-4B4B-A3F3-3E41E61B02F8}.Release|iPhoneSimulator.ActiveCfg = Release|Any CPU
		{2FD26761-887E-4B4B-A3F3-3E41E61B02F8}.Release|iPhoneSimulator.Build.0 = Release|Any CPU
		{2FD26761-887E-4B4B-A3F3-3E41E61B02F8}.Release|x64.ActiveCfg = Release|Any CPU
		{2FD26761-887E-4B4B-A3F3-3E41E61B02F8}.Release|x64.Build.0 = Release|Any CPU
		{2FD26761-887E-4B4B-A3F3-3E41E61B02F8}.Release|x86.ActiveCfg = Release|Any CPU
		{2FD26761-887E-4B4B-A3F3-3E41E61B02F8}.Release|x86.Build.0 = Release|Any CPU
		{4E208A15-C9E4-4570-8F03-313C344D5FBF}.Ad-Hoc|Any CPU.ActiveCfg = Release|Any CPU
		{4E208A15-C9E4-4570-8F03-313C344D5FBF}.Ad-Hoc|Any CPU.Build.0 = Release|Any CPU
		{4E208A15-C9E4-4570-8F03-313C344D5FBF}.Ad-Hoc|ARM.ActiveCfg = Release|Any CPU
		{4E208A15-C9E4-4570-8F03-313C344D5FBF}.Ad-Hoc|ARM.Build.0 = Release|Any CPU
		{4E208A15-C9E4-4570-8F03-313C344D5FBF}.Ad-Hoc|iPhone.ActiveCfg = Release|Any CPU
		{4E208A15-C9E4-4570-8F03-313C344D5FBF}.Ad-Hoc|iPhone.Build.0 = Release|Any CPU
		{4E208A15-C9E4-4570-8F03-313C344D5FBF}.Ad-Hoc|iPhoneSimulator.ActiveCfg = Release|Any CPU
		{4E208A15-C9E4-4570-8F03-313C344D5FBF}.Ad-Hoc|iPhoneSimulator.Build.0 = Release|Any CPU
		{4E208A15-C9E4-4570-8F03-313C344D5FBF}.Ad-Hoc|x64.ActiveCfg = Release|Any CPU
		{4E208A15-C9E4-4570-8F03-313C344D5FBF}.Ad-Hoc|x64.Build.0 = Release|Any CPU
		{4E208A15-C9E4-4570-8F03-313C344D5FBF}.Ad-Hoc|x86.ActiveCfg = Release|Any CPU
		{4E208A15-C9E4-4570-8F03-313C344D5FBF}.Ad-Hoc|x86.Build.0 = Release|Any CPU
		{4E208A15-C9E4-4570-8F03-313C344D5FBF}.AppStore|Any CPU.ActiveCfg = Release|Any CPU
		{4E208A15-C9E4-4570-8F03-313C344D5FBF}.AppStore|Any CPU.Build.0 = Release|Any CPU
		{4E208A15-C9E4-4570-8F03-313C344D5FBF}.AppStore|ARM.ActiveCfg = Release|Any CPU
		{4E208A15-C9E4-4570-8F03-313C344D5FBF}.AppStore|ARM.Build.0 = Release|Any CPU
		{4E208A15-C9E4-4570-8F03-313C344D5FBF}.AppStore|iPhone.ActiveCfg = Release|Any CPU
		{4E208A15-C9E4-4570-8F03-313C344D5FBF}.AppStore|iPhone.Build.0 = Release|Any CPU
		{4E208A15-C9E4-4570-8F03-313C344D5FBF}.AppStore|iPhoneSimulator.ActiveCfg = Release|Any CPU
		{4E208A15-C9E4-4570-8F03-313C344D5FBF}.AppStore|iPhoneSimulator.Build.0 = Release|Any CPU
		{4E208A15-C9E4-4570-8F03-313C344D5FBF}.AppStore|x64.ActiveCfg = Release|Any CPU
		{4E208A15-C9E4-4570-8F03-313C344D5FBF}.AppStore|x64.Build.0 = Release|Any CPU
		{4E208A15-C9E4-4570-8F03-313C344D5FBF}.AppStore|x86.ActiveCfg = Release|Any CPU
		{4E208A15-C9E4-4570-8F03-313C344D5FBF}.AppStore|x86.Build.0 = Release|Any CPU
		{4E208A15-C9E4-4570-8F03-313C344D5FBF}.Debug|Any CPU.ActiveCfg = Debug|Any CPU
		{4E208A15-C9E4-4570-8F03-313C344D5FBF}.Debug|Any CPU.Build.0 = Debug|Any CPU
		{4E208A15-C9E4-4570-8F03-313C344D5FBF}.Debug|ARM.ActiveCfg = Debug|Any CPU
		{4E208A15-C9E4-4570-8F03-313C344D5FBF}.Debug|ARM.Build.0 = Debug|Any CPU
		{4E208A15-C9E4-4570-8F03-313C344D5FBF}.Debug|iPhone.ActiveCfg = Debug|Any CPU
		{4E208A15-C9E4-4570-8F03-313C344D5FBF}.Debug|iPhone.Build.0 = Debug|Any CPU
		{4E208A15-C9E4-4570-8F03-313C344D5FBF}.Debug|iPhoneSimulator.ActiveCfg = Debug|Any CPU
		{4E208A15-C9E4-4570-8F03-313C344D5FBF}.Debug|iPhoneSimulator.Build.0 = Debug|Any CPU
		{4E208A15-C9E4-4570-8F03-313C344D5FBF}.Debug|x64.ActiveCfg = Debug|Any CPU
		{4E208A15-C9E4-4570-8F03-313C344D5FBF}.Debug|x64.Build.0 = Debug|Any CPU
		{4E208A15-C9E4-4570-8F03-313C344D5FBF}.Debug|x86.ActiveCfg = Debug|Any CPU
		{4E208A15-C9E4-4570-8F03-313C344D5FBF}.Debug|x86.Build.0 = Debug|Any CPU
		{4E208A15-C9E4-4570-8F03-313C344D5FBF}.Release|Any CPU.ActiveCfg = Release|Any CPU
		{4E208A15-C9E4-4570-8F03-313C344D5FBF}.Release|Any CPU.Build.0 = Release|Any CPU
		{4E208A15-C9E4-4570-8F03-313C344D5FBF}.Release|ARM.ActiveCfg = Release|Any CPU
		{4E208A15-C9E4-4570-8F03-313C344D5FBF}.Release|ARM.Build.0 = Release|Any CPU
		{4E208A15-C9E4-4570-8F03-313C344D5FBF}.Release|iPhone.ActiveCfg = Release|Any CPU
		{4E208A15-C9E4-4570-8F03-313C344D5FBF}.Release|iPhone.Build.0 = Release|Any CPU
		{4E208A15-C9E4-4570-8F03-313C344D5FBF}.Release|iPhoneSimulator.ActiveCfg = Release|Any CPU
		{4E208A15-C9E4-4570-8F03-313C344D5FBF}.Release|iPhoneSimulator.Build.0 = Release|Any CPU
		{4E208A15-C9E4-4570-8F03-313C344D5FBF}.Release|x64.ActiveCfg = Release|Any CPU
		{4E208A15-C9E4-4570-8F03-313C344D5FBF}.Release|x64.Build.0 = Release|Any CPU
		{4E208A15-C9E4-4570-8F03-313C344D5FBF}.Release|x86.ActiveCfg = Release|Any CPU
		{4E208A15-C9E4-4570-8F03-313C344D5FBF}.Release|x86.Build.0 = Release|Any CPU
	EndGlobalSection
	GlobalSection(SolutionProperties) = preSolution
		HideSolutionNode = FALSE
	EndGlobalSection
	GlobalSection(NestedProjects) = preSolution
		{4E208A15-C9E4-4570-8F03-313C344D5FBF} = {9AC9B308-8762-4D7B-91EF-458F34A2F4F6}
	EndGlobalSection
EndGlobal
